
Microsoft Visual Studio Solution File, Format Version 12.00
# Visual Studio Version 17
VisualStudioVersion = 17.3.32929.385
MinimumVisualStudioVersion = 15.0.26124.0
Project("{9A19103F-16F7-4668-BE54-9A1E7A4F7556}") = "Functional", "src\Functional\Functional.csproj", "{5F78CCB2-CD11-40D3-8302-4F388D00A1A0}"
EndProject
Project("{9A19103F-16F7-4668-BE54-9A1E7A4F7556}") = "Functional.Tests", "tests\Functional.Tests\Functional.Tests.csproj", "{787B2399-2FE2-4293-99DB-778E2854F3AC}"
EndProject
Project("{9A19103F-16F7-4668-BE54-9A1E7A4F7556}") = "Utilities", "src\Utilities\Utilities.csproj", "{3968F07D-7489-4FF8-8C78-BD2F112F44F4}"
EndProject
Project("{9A19103F-16F7-4668-BE54-9A1E7A4F7556}") = "Utilities.Tests", "tests\Utilities.Tests\Utilities.Tests.csproj", "{B9BC0529-BEA4-4E96-876F-79E4B14645D8}"
EndProject
Project("{2150E333-8FDC-42A3-9474-1A3956D46DE8}") = "src", "src", "{FDBAACCA-C0C6-452B-B2E2-8C282ECD6FD6}"
EndProject
Project("{9A19103F-16F7-4668-BE54-9A1E7A4F7556}") = "KnightsFate", "src\KnightsFate\KnightsFate.csproj", "{EF727D92-3986-4B37-9D2D-53B35D19E9A5}"
EndProject
Project("{9A19103F-16F7-4668-BE54-9A1E7A4F7556}") = "FizzBuzz", "src\FizzBuzz\FizzBuzz.csproj", "{FD3FE737-1DB6-4139-AC6B-1310E114108A}"
EndProject
Project("{9A19103F-16F7-4668-BE54-9A1E7A4F7556}") = "FizzBuzzTests", "tests\FizzBuzzTests\FizzBuzzTests.csproj", "{669B628B-0826-4AC7-8C12-EE1963C1523F}"
EndProject
Project("{9A19103F-16F7-4668-BE54-9A1E7A4F7556}") = "HeapLess", "src\HeapLess\HeapLess.csproj", "{0B8967C1-D92C-4DEF-92E6-2FCAB3C85E78}"
EndProject
Project("{9A19103F-16F7-4668-BE54-9A1E7A4F7556}") = "Config.CommandLine", "src\Config.CommandLine\Config.CommandLine.csproj", "{0C582845-14AC-4A8E-AACC-DB8AB12C885D}"
EndProject
Project("{9A19103F-16F7-4668-BE54-9A1E7A4F7556}") = "Config.CommandLine.Tests", "tests\Config.CommandLine.Tests\Config.CommandLine.Tests.csproj", "{CD0431CA-B617-4F9A-9456-1E83F47F8D4A}"
EndProject
Project("{2150E333-8FDC-42A3-9474-1A3956D46DE8}") = "Solution Items", "Solution Items", "{998301E3-CCED-4B1B-BB59-AAC6C98CE90B}"
	ProjectSection(SolutionItems) = preProject
		.editorconfig = .editorconfig
		Directory.Build.props = Directory.Build.props
		README.md = README.md
	EndProjectSection
EndProject
Project("{2150E333-8FDC-42A3-9474-1A3956D46DE8}") = ".github", ".github", "{BA33FB4D-C54D-45F3-8241-91498ED0B8D3}"
EndProject
Project("{2150E333-8FDC-42A3-9474-1A3956D46DE8}") = "workflows", "workflows", "{7FD405C9-F59C-4F56-9DCB-BA0A4445B435}"
	ProjectSection(SolutionItems) = preProject
		.github\workflows\async.exponentialbackoff_release.yml = .github\workflows\async.exponentialbackoff_release.yml
		.github\workflows\config.commandline_release.yml = .github\workflows\config.commandline_release.yml
		.github\workflows\functional.async_release.yml = .github\workflows\functional.async_release.yml
		.github\workflows\functional.maybe_release.yml = .github\workflows\functional.maybe_release.yml
		.github\workflows\functional.state_release.yml = .github\workflows\functional.state_release.yml
		.github\workflows\release.yml = .github\workflows\release.yml
		.github\workflows\solutionwide_ci.yml = .github\workflows\solutionwide_ci.yml
	EndProjectSection
EndProject
Project("{2150E333-8FDC-42A3-9474-1A3956D46DE8}") = "tests", "tests", "{52743753-6848-4902-9072-C438F7CA80AF}"
EndProject
Project("{2150E333-8FDC-42A3-9474-1A3956D46DE8}") = "scripts", "scripts", "{4E1D8EB7-E765-4928-BE45-D2D92CC502DF}"
	ProjectSection(SolutionItems) = preProject
		.github\scripts\verifyversion.sh = .github\scripts\verifyversion.sh
	EndProjectSection
EndProject
Project("{2150E333-8FDC-42A3-9474-1A3956D46DE8}") = "examples", "examples", "{028E80BC-F4FB-4062-B5B1-EE67DD52EF3B}"
EndProject
Project("{9A19103F-16F7-4668-BE54-9A1E7A4F7556}") = "Config.CommandLine.Example", "examples\Config.CommandLine.Example\Config.CommandLine.Example.csproj", "{AFF38FF7-9DD6-4507-B332-43CAC67F89F1}"
EndProject
Project("{2150E333-8FDC-42A3-9474-1A3956D46DE8}") = "Functional", "Functional", "{918F0F9C-49A4-493C-B47A-C94D8BFFEC94}"
EndProject
Project("{2150E333-8FDC-42A3-9474-1A3956D46DE8}") = "Maybe", "Maybe", "{574F1197-207F-4630-9F0B-251BFCEC5EA6}"
	ProjectSection(SolutionItems) = preProject
		Functional\Maybe\README.md = Functional\Maybe\README.md
	EndProjectSection
EndProject
Project("{9A19103F-16F7-4668-BE54-9A1E7A4F7556}") = "Functional.Maybe", "Functional\Maybe\src\Functional.Maybe.csproj", "{D8DEB18F-2050-4455-B564-BCDCE3ED5929}"
EndProject
Project("{9A19103F-16F7-4668-BE54-9A1E7A4F7556}") = "Functional.Maybe.Tests", "Functional\Maybe\tests\Functional.Maybe.Tests.csproj", "{674C2C1C-C2E4-48DC-B39C-3AE556087CA4}"
EndProject
Project("{2150E333-8FDC-42A3-9474-1A3956D46DE8}") = "Async", "Async", "{C8A72486-DBA5-4FD6-9D72-823E5736A7AD}"
	ProjectSection(SolutionItems) = preProject
		Functional\Async\README.md = Functional\Async\README.md
	EndProjectSection
EndProject
Project("{9A19103F-16F7-4668-BE54-9A1E7A4F7556}") = "Functional.Async", "Functional\Async\src\Functional.Async.csproj", "{8DF668D5-613C-4E0B-A459-0EA00E18CEAD}"
EndProject
Project("{9A19103F-16F7-4668-BE54-9A1E7A4F7556}") = "Functional.Async.Tests", "Functional\Async\tests\Functional.Async.Tests.csproj", "{2A8A1287-BCC8-46FA-B342-6D033247BDA9}"
EndProject
Project("{2150E333-8FDC-42A3-9474-1A3956D46DE8}") = "Async", "Async", "{1D2F9610-65F5-48CA-8D27-A104525216E6}"
EndProject
Project("{9A19103F-16F7-4668-BE54-9A1E7A4F7556}") = "Async.ExponentialBackoff", "Async\ExponentialBackoff\src\Async.ExponentialBackoff.csproj", "{3ACBCAB5-B022-4106-9207-D0E60D6CFD00}"
EndProject
Project("{9A19103F-16F7-4668-BE54-9A1E7A4F7556}") = "Async.ExponentialBackoff.Tests", "Async\ExponentialBackoff\tests\Async.ExponentialBackoff.Tests.csproj", "{B7B77C7B-9ABB-43F6-A7D0-713C0391132F}"
EndProject
Project("{2150E333-8FDC-42A3-9474-1A3956D46DE8}") = "ExponentialBackoff", "ExponentialBackoff", "{5E2E030F-D915-4DEA-B385-CF576C74F991}"
	ProjectSection(SolutionItems) = preProject
		Async\ExponentialBackoff\README.md = Async\ExponentialBackoff\README.md
	EndProjectSection
EndProject
Project("{2150E333-8FDC-42A3-9474-1A3956D46DE8}") = "State", "State", "{0F833D5D-5DEE-462B-B0D8-1C2FA99696B2}"
	ProjectSection(SolutionItems) = preProject
		Functional\State\README.md = Functional\State\README.md
	EndProjectSection
EndProject
Project("{9A19103F-16F7-4668-BE54-9A1E7A4F7556}") = "Functional.State", "Functional\State\src\Functional.State.csproj", "{9B3B8BC9-BB09-4BFB-BF92-D4AA8FB757A3}"
EndProject
Project("{9A19103F-16F7-4668-BE54-9A1E7A4F7556}") = "Functional.State.Tests", "Functional\State\tests\Functional.State.Tests.csproj", "{EA3A5E0C-819C-4085-838B-4F6F9A87E196}"
EndProject
Project("{2150E333-8FDC-42A3-9474-1A3956D46DE8}") = "TypeClasses", "TypeClasses", "{DCE60476-6A90-45DE-800C-5DEC4D530D43}"
EndProject
Project("{FAE04EC0-301F-11D3-BF4B-00C04F79EFBC}") = "TypeClasses", "TypeClasses\src\TypeClasses.csproj", "{8225D147-C3BF-49CD-A165-BEFD0F55CA59}"
EndProject
Project("{FAE04EC0-301F-11D3-BF4B-00C04F79EFBC}") = "TypeClasses.Tests", "TypeClasses\tests\TypeClasses.Tests.csproj", "{BE6B14F2-A8E9-4757-8ADC-7ECE2920E490}"
EndProject
Global
	GlobalSection(SolutionConfigurationPlatforms) = preSolution
		Debug|Any CPU = Debug|Any CPU
		Debug|x64 = Debug|x64
		Debug|x86 = Debug|x86
		Release|Any CPU = Release|Any CPU
		Release|x64 = Release|x64
		Release|x86 = Release|x86
	EndGlobalSection
	GlobalSection(ProjectConfigurationPlatforms) = postSolution
		{5F78CCB2-CD11-40D3-8302-4F388D00A1A0}.Debug|Any CPU.ActiveCfg = Debug|Any CPU
		{5F78CCB2-CD11-40D3-8302-4F388D00A1A0}.Debug|Any CPU.Build.0 = Debug|Any CPU
		{5F78CCB2-CD11-40D3-8302-4F388D00A1A0}.Debug|x64.ActiveCfg = Debug|Any CPU
		{5F78CCB2-CD11-40D3-8302-4F388D00A1A0}.Debug|x64.Build.0 = Debug|Any CPU
		{5F78CCB2-CD11-40D3-8302-4F388D00A1A0}.Debug|x86.ActiveCfg = Debug|Any CPU
		{5F78CCB2-CD11-40D3-8302-4F388D00A1A0}.Debug|x86.Build.0 = Debug|Any CPU
		{5F78CCB2-CD11-40D3-8302-4F388D00A1A0}.Release|Any CPU.ActiveCfg = Release|Any CPU
		{5F78CCB2-CD11-40D3-8302-4F388D00A1A0}.Release|Any CPU.Build.0 = Release|Any CPU
		{5F78CCB2-CD11-40D3-8302-4F388D00A1A0}.Release|x64.ActiveCfg = Release|Any CPU
		{5F78CCB2-CD11-40D3-8302-4F388D00A1A0}.Release|x64.Build.0 = Release|Any CPU
		{5F78CCB2-CD11-40D3-8302-4F388D00A1A0}.Release|x86.ActiveCfg = Release|Any CPU
		{5F78CCB2-CD11-40D3-8302-4F388D00A1A0}.Release|x86.Build.0 = Release|Any CPU
		{787B2399-2FE2-4293-99DB-778E2854F3AC}.Debug|Any CPU.ActiveCfg = Debug|Any CPU
		{787B2399-2FE2-4293-99DB-778E2854F3AC}.Debug|Any CPU.Build.0 = Debug|Any CPU
		{787B2399-2FE2-4293-99DB-778E2854F3AC}.Debug|x64.ActiveCfg = Debug|Any CPU
		{787B2399-2FE2-4293-99DB-778E2854F3AC}.Debug|x64.Build.0 = Debug|Any CPU
		{787B2399-2FE2-4293-99DB-778E2854F3AC}.Debug|x86.ActiveCfg = Debug|Any CPU
		{787B2399-2FE2-4293-99DB-778E2854F3AC}.Debug|x86.Build.0 = Debug|Any CPU
		{787B2399-2FE2-4293-99DB-778E2854F3AC}.Release|Any CPU.ActiveCfg = Release|Any CPU
		{787B2399-2FE2-4293-99DB-778E2854F3AC}.Release|Any CPU.Build.0 = Release|Any CPU
		{787B2399-2FE2-4293-99DB-778E2854F3AC}.Release|x64.ActiveCfg = Release|Any CPU
		{787B2399-2FE2-4293-99DB-778E2854F3AC}.Release|x64.Build.0 = Release|Any CPU
		{787B2399-2FE2-4293-99DB-778E2854F3AC}.Release|x86.ActiveCfg = Release|Any CPU
		{787B2399-2FE2-4293-99DB-778E2854F3AC}.Release|x86.Build.0 = Release|Any CPU
		{3968F07D-7489-4FF8-8C78-BD2F112F44F4}.Debug|Any CPU.ActiveCfg = Debug|Any CPU
		{3968F07D-7489-4FF8-8C78-BD2F112F44F4}.Debug|Any CPU.Build.0 = Debug|Any CPU
		{3968F07D-7489-4FF8-8C78-BD2F112F44F4}.Debug|x64.ActiveCfg = Debug|Any CPU
		{3968F07D-7489-4FF8-8C78-BD2F112F44F4}.Debug|x64.Build.0 = Debug|Any CPU
		{3968F07D-7489-4FF8-8C78-BD2F112F44F4}.Debug|x86.ActiveCfg = Debug|Any CPU
		{3968F07D-7489-4FF8-8C78-BD2F112F44F4}.Debug|x86.Build.0 = Debug|Any CPU
		{3968F07D-7489-4FF8-8C78-BD2F112F44F4}.Release|Any CPU.ActiveCfg = Release|Any CPU
		{3968F07D-7489-4FF8-8C78-BD2F112F44F4}.Release|Any CPU.Build.0 = Release|Any CPU
		{3968F07D-7489-4FF8-8C78-BD2F112F44F4}.Release|x64.ActiveCfg = Release|Any CPU
		{3968F07D-7489-4FF8-8C78-BD2F112F44F4}.Release|x64.Build.0 = Release|Any CPU
		{3968F07D-7489-4FF8-8C78-BD2F112F44F4}.Release|x86.ActiveCfg = Release|Any CPU
		{3968F07D-7489-4FF8-8C78-BD2F112F44F4}.Release|x86.Build.0 = Release|Any CPU
		{B9BC0529-BEA4-4E96-876F-79E4B14645D8}.Debug|Any CPU.ActiveCfg = Debug|Any CPU
		{B9BC0529-BEA4-4E96-876F-79E4B14645D8}.Debug|Any CPU.Build.0 = Debug|Any CPU
		{B9BC0529-BEA4-4E96-876F-79E4B14645D8}.Debug|x64.ActiveCfg = Debug|Any CPU
		{B9BC0529-BEA4-4E96-876F-79E4B14645D8}.Debug|x64.Build.0 = Debug|Any CPU
		{B9BC0529-BEA4-4E96-876F-79E4B14645D8}.Debug|x86.ActiveCfg = Debug|Any CPU
		{B9BC0529-BEA4-4E96-876F-79E4B14645D8}.Debug|x86.Build.0 = Debug|Any CPU
		{B9BC0529-BEA4-4E96-876F-79E4B14645D8}.Release|Any CPU.ActiveCfg = Release|Any CPU
		{B9BC0529-BEA4-4E96-876F-79E4B14645D8}.Release|Any CPU.Build.0 = Release|Any CPU
		{B9BC0529-BEA4-4E96-876F-79E4B14645D8}.Release|x64.ActiveCfg = Release|Any CPU
		{B9BC0529-BEA4-4E96-876F-79E4B14645D8}.Release|x64.Build.0 = Release|Any CPU
		{B9BC0529-BEA4-4E96-876F-79E4B14645D8}.Release|x86.ActiveCfg = Release|Any CPU
		{B9BC0529-BEA4-4E96-876F-79E4B14645D8}.Release|x86.Build.0 = Release|Any CPU
		{EF727D92-3986-4B37-9D2D-53B35D19E9A5}.Debug|Any CPU.ActiveCfg = Debug|Any CPU
		{EF727D92-3986-4B37-9D2D-53B35D19E9A5}.Debug|Any CPU.Build.0 = Debug|Any CPU
		{EF727D92-3986-4B37-9D2D-53B35D19E9A5}.Debug|x64.ActiveCfg = Debug|Any CPU
		{EF727D92-3986-4B37-9D2D-53B35D19E9A5}.Debug|x64.Build.0 = Debug|Any CPU
		{EF727D92-3986-4B37-9D2D-53B35D19E9A5}.Debug|x86.ActiveCfg = Debug|Any CPU
		{EF727D92-3986-4B37-9D2D-53B35D19E9A5}.Debug|x86.Build.0 = Debug|Any CPU
		{EF727D92-3986-4B37-9D2D-53B35D19E9A5}.Release|Any CPU.ActiveCfg = Release|Any CPU
		{EF727D92-3986-4B37-9D2D-53B35D19E9A5}.Release|Any CPU.Build.0 = Release|Any CPU
		{EF727D92-3986-4B37-9D2D-53B35D19E9A5}.Release|x64.ActiveCfg = Release|Any CPU
		{EF727D92-3986-4B37-9D2D-53B35D19E9A5}.Release|x64.Build.0 = Release|Any CPU
		{EF727D92-3986-4B37-9D2D-53B35D19E9A5}.Release|x86.ActiveCfg = Release|Any CPU
		{EF727D92-3986-4B37-9D2D-53B35D19E9A5}.Release|x86.Build.0 = Release|Any CPU
		{FD3FE737-1DB6-4139-AC6B-1310E114108A}.Debug|Any CPU.ActiveCfg = Debug|Any CPU
		{FD3FE737-1DB6-4139-AC6B-1310E114108A}.Debug|Any CPU.Build.0 = Debug|Any CPU
		{FD3FE737-1DB6-4139-AC6B-1310E114108A}.Debug|x64.ActiveCfg = Debug|Any CPU
		{FD3FE737-1DB6-4139-AC6B-1310E114108A}.Debug|x64.Build.0 = Debug|Any CPU
		{FD3FE737-1DB6-4139-AC6B-1310E114108A}.Debug|x86.ActiveCfg = Debug|Any CPU
		{FD3FE737-1DB6-4139-AC6B-1310E114108A}.Debug|x86.Build.0 = Debug|Any CPU
		{FD3FE737-1DB6-4139-AC6B-1310E114108A}.Release|Any CPU.ActiveCfg = Release|Any CPU
		{FD3FE737-1DB6-4139-AC6B-1310E114108A}.Release|Any CPU.Build.0 = Release|Any CPU
		{FD3FE737-1DB6-4139-AC6B-1310E114108A}.Release|x64.ActiveCfg = Release|Any CPU
		{FD3FE737-1DB6-4139-AC6B-1310E114108A}.Release|x64.Build.0 = Release|Any CPU
		{FD3FE737-1DB6-4139-AC6B-1310E114108A}.Release|x86.ActiveCfg = Release|Any CPU
		{FD3FE737-1DB6-4139-AC6B-1310E114108A}.Release|x86.Build.0 = Release|Any CPU
		{669B628B-0826-4AC7-8C12-EE1963C1523F}.Debug|Any CPU.ActiveCfg = Debug|Any CPU
		{669B628B-0826-4AC7-8C12-EE1963C1523F}.Debug|Any CPU.Build.0 = Debug|Any CPU
		{669B628B-0826-4AC7-8C12-EE1963C1523F}.Debug|x64.ActiveCfg = Debug|Any CPU
		{669B628B-0826-4AC7-8C12-EE1963C1523F}.Debug|x64.Build.0 = Debug|Any CPU
		{669B628B-0826-4AC7-8C12-EE1963C1523F}.Debug|x86.ActiveCfg = Debug|Any CPU
		{669B628B-0826-4AC7-8C12-EE1963C1523F}.Debug|x86.Build.0 = Debug|Any CPU
		{669B628B-0826-4AC7-8C12-EE1963C1523F}.Release|Any CPU.ActiveCfg = Release|Any CPU
		{669B628B-0826-4AC7-8C12-EE1963C1523F}.Release|Any CPU.Build.0 = Release|Any CPU
		{669B628B-0826-4AC7-8C12-EE1963C1523F}.Release|x64.ActiveCfg = Release|Any CPU
		{669B628B-0826-4AC7-8C12-EE1963C1523F}.Release|x64.Build.0 = Release|Any CPU
		{669B628B-0826-4AC7-8C12-EE1963C1523F}.Release|x86.ActiveCfg = Release|Any CPU
		{669B628B-0826-4AC7-8C12-EE1963C1523F}.Release|x86.Build.0 = Release|Any CPU
		{0B8967C1-D92C-4DEF-92E6-2FCAB3C85E78}.Debug|Any CPU.ActiveCfg = Debug|Any CPU
		{0B8967C1-D92C-4DEF-92E6-2FCAB3C85E78}.Debug|Any CPU.Build.0 = Debug|Any CPU
		{0B8967C1-D92C-4DEF-92E6-2FCAB3C85E78}.Debug|x64.ActiveCfg = Debug|Any CPU
		{0B8967C1-D92C-4DEF-92E6-2FCAB3C85E78}.Debug|x64.Build.0 = Debug|Any CPU
		{0B8967C1-D92C-4DEF-92E6-2FCAB3C85E78}.Debug|x86.ActiveCfg = Debug|Any CPU
		{0B8967C1-D92C-4DEF-92E6-2FCAB3C85E78}.Debug|x86.Build.0 = Debug|Any CPU
		{0B8967C1-D92C-4DEF-92E6-2FCAB3C85E78}.Release|Any CPU.ActiveCfg = Release|Any CPU
		{0B8967C1-D92C-4DEF-92E6-2FCAB3C85E78}.Release|Any CPU.Build.0 = Release|Any CPU
		{0B8967C1-D92C-4DEF-92E6-2FCAB3C85E78}.Release|x64.ActiveCfg = Release|Any CPU
		{0B8967C1-D92C-4DEF-92E6-2FCAB3C85E78}.Release|x64.Build.0 = Release|Any CPU
		{0B8967C1-D92C-4DEF-92E6-2FCAB3C85E78}.Release|x86.ActiveCfg = Release|Any CPU
		{0B8967C1-D92C-4DEF-92E6-2FCAB3C85E78}.Release|x86.Build.0 = Release|Any CPU
		{0C582845-14AC-4A8E-AACC-DB8AB12C885D}.Debug|Any CPU.ActiveCfg = Debug|Any CPU
		{0C582845-14AC-4A8E-AACC-DB8AB12C885D}.Debug|Any CPU.Build.0 = Debug|Any CPU
		{0C582845-14AC-4A8E-AACC-DB8AB12C885D}.Debug|x64.ActiveCfg = Debug|Any CPU
		{0C582845-14AC-4A8E-AACC-DB8AB12C885D}.Debug|x64.Build.0 = Debug|Any CPU
		{0C582845-14AC-4A8E-AACC-DB8AB12C885D}.Debug|x86.ActiveCfg = Debug|Any CPU
		{0C582845-14AC-4A8E-AACC-DB8AB12C885D}.Debug|x86.Build.0 = Debug|Any CPU
		{0C582845-14AC-4A8E-AACC-DB8AB12C885D}.Release|Any CPU.ActiveCfg = Release|Any CPU
		{0C582845-14AC-4A8E-AACC-DB8AB12C885D}.Release|Any CPU.Build.0 = Release|Any CPU
		{0C582845-14AC-4A8E-AACC-DB8AB12C885D}.Release|x64.ActiveCfg = Release|Any CPU
		{0C582845-14AC-4A8E-AACC-DB8AB12C885D}.Release|x64.Build.0 = Release|Any CPU
		{0C582845-14AC-4A8E-AACC-DB8AB12C885D}.Release|x86.ActiveCfg = Release|Any CPU
		{0C582845-14AC-4A8E-AACC-DB8AB12C885D}.Release|x86.Build.0 = Release|Any CPU
		{CD0431CA-B617-4F9A-9456-1E83F47F8D4A}.Debug|Any CPU.ActiveCfg = Debug|Any CPU
		{CD0431CA-B617-4F9A-9456-1E83F47F8D4A}.Debug|Any CPU.Build.0 = Debug|Any CPU
		{CD0431CA-B617-4F9A-9456-1E83F47F8D4A}.Debug|x64.ActiveCfg = Debug|Any CPU
		{CD0431CA-B617-4F9A-9456-1E83F47F8D4A}.Debug|x64.Build.0 = Debug|Any CPU
		{CD0431CA-B617-4F9A-9456-1E83F47F8D4A}.Debug|x86.ActiveCfg = Debug|Any CPU
		{CD0431CA-B617-4F9A-9456-1E83F47F8D4A}.Debug|x86.Build.0 = Debug|Any CPU
		{CD0431CA-B617-4F9A-9456-1E83F47F8D4A}.Release|Any CPU.ActiveCfg = Release|Any CPU
		{CD0431CA-B617-4F9A-9456-1E83F47F8D4A}.Release|Any CPU.Build.0 = Release|Any CPU
		{CD0431CA-B617-4F9A-9456-1E83F47F8D4A}.Release|x64.ActiveCfg = Release|Any CPU
		{CD0431CA-B617-4F9A-9456-1E83F47F8D4A}.Release|x64.Build.0 = Release|Any CPU
		{CD0431CA-B617-4F9A-9456-1E83F47F8D4A}.Release|x86.ActiveCfg = Release|Any CPU
		{CD0431CA-B617-4F9A-9456-1E83F47F8D4A}.Release|x86.Build.0 = Release|Any CPU
		{AFF38FF7-9DD6-4507-B332-43CAC67F89F1}.Debug|Any CPU.ActiveCfg = Debug|Any CPU
		{AFF38FF7-9DD6-4507-B332-43CAC67F89F1}.Debug|Any CPU.Build.0 = Debug|Any CPU
		{AFF38FF7-9DD6-4507-B332-43CAC67F89F1}.Debug|x64.ActiveCfg = Debug|Any CPU
		{AFF38FF7-9DD6-4507-B332-43CAC67F89F1}.Debug|x64.Build.0 = Debug|Any CPU
		{AFF38FF7-9DD6-4507-B332-43CAC67F89F1}.Debug|x86.ActiveCfg = Debug|Any CPU
		{AFF38FF7-9DD6-4507-B332-43CAC67F89F1}.Debug|x86.Build.0 = Debug|Any CPU
		{AFF38FF7-9DD6-4507-B332-43CAC67F89F1}.Release|Any CPU.ActiveCfg = Release|Any CPU
		{AFF38FF7-9DD6-4507-B332-43CAC67F89F1}.Release|Any CPU.Build.0 = Release|Any CPU
		{AFF38FF7-9DD6-4507-B332-43CAC67F89F1}.Release|x64.ActiveCfg = Release|Any CPU
		{AFF38FF7-9DD6-4507-B332-43CAC67F89F1}.Release|x64.Build.0 = Release|Any CPU
		{AFF38FF7-9DD6-4507-B332-43CAC67F89F1}.Release|x86.ActiveCfg = Release|Any CPU
		{AFF38FF7-9DD6-4507-B332-43CAC67F89F1}.Release|x86.Build.0 = Release|Any CPU
		{D8DEB18F-2050-4455-B564-BCDCE3ED5929}.Debug|Any CPU.ActiveCfg = Debug|Any CPU
		{D8DEB18F-2050-4455-B564-BCDCE3ED5929}.Debug|Any CPU.Build.0 = Debug|Any CPU
		{D8DEB18F-2050-4455-B564-BCDCE3ED5929}.Debug|x64.ActiveCfg = Debug|Any CPU
		{D8DEB18F-2050-4455-B564-BCDCE3ED5929}.Debug|x64.Build.0 = Debug|Any CPU
		{D8DEB18F-2050-4455-B564-BCDCE3ED5929}.Debug|x86.ActiveCfg = Debug|Any CPU
		{D8DEB18F-2050-4455-B564-BCDCE3ED5929}.Debug|x86.Build.0 = Debug|Any CPU
		{D8DEB18F-2050-4455-B564-BCDCE3ED5929}.Release|Any CPU.ActiveCfg = Release|Any CPU
		{D8DEB18F-2050-4455-B564-BCDCE3ED5929}.Release|Any CPU.Build.0 = Release|Any CPU
		{D8DEB18F-2050-4455-B564-BCDCE3ED5929}.Release|x64.ActiveCfg = Release|Any CPU
		{D8DEB18F-2050-4455-B564-BCDCE3ED5929}.Release|x64.Build.0 = Release|Any CPU
		{D8DEB18F-2050-4455-B564-BCDCE3ED5929}.Release|x86.ActiveCfg = Release|Any CPU
		{D8DEB18F-2050-4455-B564-BCDCE3ED5929}.Release|x86.Build.0 = Release|Any CPU
		{674C2C1C-C2E4-48DC-B39C-3AE556087CA4}.Debug|Any CPU.ActiveCfg = Debug|Any CPU
		{674C2C1C-C2E4-48DC-B39C-3AE556087CA4}.Debug|Any CPU.Build.0 = Debug|Any CPU
		{674C2C1C-C2E4-48DC-B39C-3AE556087CA4}.Debug|x64.ActiveCfg = Debug|Any CPU
		{674C2C1C-C2E4-48DC-B39C-3AE556087CA4}.Debug|x64.Build.0 = Debug|Any CPU
		{674C2C1C-C2E4-48DC-B39C-3AE556087CA4}.Debug|x86.ActiveCfg = Debug|Any CPU
		{674C2C1C-C2E4-48DC-B39C-3AE556087CA4}.Debug|x86.Build.0 = Debug|Any CPU
		{674C2C1C-C2E4-48DC-B39C-3AE556087CA4}.Release|Any CPU.ActiveCfg = Release|Any CPU
		{674C2C1C-C2E4-48DC-B39C-3AE556087CA4}.Release|Any CPU.Build.0 = Release|Any CPU
		{674C2C1C-C2E4-48DC-B39C-3AE556087CA4}.Release|x64.ActiveCfg = Release|Any CPU
		{674C2C1C-C2E4-48DC-B39C-3AE556087CA4}.Release|x64.Build.0 = Release|Any CPU
		{674C2C1C-C2E4-48DC-B39C-3AE556087CA4}.Release|x86.ActiveCfg = Release|Any CPU
		{674C2C1C-C2E4-48DC-B39C-3AE556087CA4}.Release|x86.Build.0 = Release|Any CPU
		{8DF668D5-613C-4E0B-A459-0EA00E18CEAD}.Debug|Any CPU.ActiveCfg = Debug|Any CPU
		{8DF668D5-613C-4E0B-A459-0EA00E18CEAD}.Debug|Any CPU.Build.0 = Debug|Any CPU
		{8DF668D5-613C-4E0B-A459-0EA00E18CEAD}.Debug|x64.ActiveCfg = Debug|Any CPU
		{8DF668D5-613C-4E0B-A459-0EA00E18CEAD}.Debug|x64.Build.0 = Debug|Any CPU
		{8DF668D5-613C-4E0B-A459-0EA00E18CEAD}.Debug|x86.ActiveCfg = Debug|Any CPU
		{8DF668D5-613C-4E0B-A459-0EA00E18CEAD}.Debug|x86.Build.0 = Debug|Any CPU
		{8DF668D5-613C-4E0B-A459-0EA00E18CEAD}.Release|Any CPU.ActiveCfg = Release|Any CPU
		{8DF668D5-613C-4E0B-A459-0EA00E18CEAD}.Release|Any CPU.Build.0 = Release|Any CPU
		{8DF668D5-613C-4E0B-A459-0EA00E18CEAD}.Release|x64.ActiveCfg = Release|Any CPU
		{8DF668D5-613C-4E0B-A459-0EA00E18CEAD}.Release|x64.Build.0 = Release|Any CPU
		{8DF668D5-613C-4E0B-A459-0EA00E18CEAD}.Release|x86.ActiveCfg = Release|Any CPU
		{8DF668D5-613C-4E0B-A459-0EA00E18CEAD}.Release|x86.Build.0 = Release|Any CPU
		{2A8A1287-BCC8-46FA-B342-6D033247BDA9}.Debug|Any CPU.ActiveCfg = Debug|Any CPU
		{2A8A1287-BCC8-46FA-B342-6D033247BDA9}.Debug|Any CPU.Build.0 = Debug|Any CPU
		{2A8A1287-BCC8-46FA-B342-6D033247BDA9}.Debug|x64.ActiveCfg = Debug|Any CPU
		{2A8A1287-BCC8-46FA-B342-6D033247BDA9}.Debug|x64.Build.0 = Debug|Any CPU
		{2A8A1287-BCC8-46FA-B342-6D033247BDA9}.Debug|x86.ActiveCfg = Debug|Any CPU
		{2A8A1287-BCC8-46FA-B342-6D033247BDA9}.Debug|x86.Build.0 = Debug|Any CPU
		{2A8A1287-BCC8-46FA-B342-6D033247BDA9}.Release|Any CPU.ActiveCfg = Release|Any CPU
		{2A8A1287-BCC8-46FA-B342-6D033247BDA9}.Release|Any CPU.Build.0 = Release|Any CPU
		{2A8A1287-BCC8-46FA-B342-6D033247BDA9}.Release|x64.ActiveCfg = Release|Any CPU
		{2A8A1287-BCC8-46FA-B342-6D033247BDA9}.Release|x64.Build.0 = Release|Any CPU
		{2A8A1287-BCC8-46FA-B342-6D033247BDA9}.Release|x86.ActiveCfg = Release|Any CPU
		{2A8A1287-BCC8-46FA-B342-6D033247BDA9}.Release|x86.Build.0 = Release|Any CPU
		{3ACBCAB5-B022-4106-9207-D0E60D6CFD00}.Debug|Any CPU.ActiveCfg = Debug|Any CPU
		{3ACBCAB5-B022-4106-9207-D0E60D6CFD00}.Debug|Any CPU.Build.0 = Debug|Any CPU
		{3ACBCAB5-B022-4106-9207-D0E60D6CFD00}.Debug|x64.ActiveCfg = Debug|Any CPU
		{3ACBCAB5-B022-4106-9207-D0E60D6CFD00}.Debug|x64.Build.0 = Debug|Any CPU
		{3ACBCAB5-B022-4106-9207-D0E60D6CFD00}.Debug|x86.ActiveCfg = Debug|Any CPU
		{3ACBCAB5-B022-4106-9207-D0E60D6CFD00}.Debug|x86.Build.0 = Debug|Any CPU
		{3ACBCAB5-B022-4106-9207-D0E60D6CFD00}.Release|Any CPU.ActiveCfg = Release|Any CPU
		{3ACBCAB5-B022-4106-9207-D0E60D6CFD00}.Release|Any CPU.Build.0 = Release|Any CPU
		{3ACBCAB5-B022-4106-9207-D0E60D6CFD00}.Release|x64.ActiveCfg = Release|Any CPU
		{3ACBCAB5-B022-4106-9207-D0E60D6CFD00}.Release|x64.Build.0 = Release|Any CPU
		{3ACBCAB5-B022-4106-9207-D0E60D6CFD00}.Release|x86.ActiveCfg = Release|Any CPU
		{3ACBCAB5-B022-4106-9207-D0E60D6CFD00}.Release|x86.Build.0 = Release|Any CPU
		{B7B77C7B-9ABB-43F6-A7D0-713C0391132F}.Debug|Any CPU.ActiveCfg = Debug|Any CPU
		{B7B77C7B-9ABB-43F6-A7D0-713C0391132F}.Debug|Any CPU.Build.0 = Debug|Any CPU
		{B7B77C7B-9ABB-43F6-A7D0-713C0391132F}.Debug|x64.ActiveCfg = Debug|Any CPU
		{B7B77C7B-9ABB-43F6-A7D0-713C0391132F}.Debug|x64.Build.0 = Debug|Any CPU
		{B7B77C7B-9ABB-43F6-A7D0-713C0391132F}.Debug|x86.ActiveCfg = Debug|Any CPU
		{B7B77C7B-9ABB-43F6-A7D0-713C0391132F}.Debug|x86.Build.0 = Debug|Any CPU
		{B7B77C7B-9ABB-43F6-A7D0-713C0391132F}.Release|Any CPU.ActiveCfg = Release|Any CPU
		{B7B77C7B-9ABB-43F6-A7D0-713C0391132F}.Release|Any CPU.Build.0 = Release|Any CPU
		{B7B77C7B-9ABB-43F6-A7D0-713C0391132F}.Release|x64.ActiveCfg = Release|Any CPU
		{B7B77C7B-9ABB-43F6-A7D0-713C0391132F}.Release|x64.Build.0 = Release|Any CPU
		{B7B77C7B-9ABB-43F6-A7D0-713C0391132F}.Release|x86.ActiveCfg = Release|Any CPU
		{B7B77C7B-9ABB-43F6-A7D0-713C0391132F}.Release|x86.Build.0 = Release|Any CPU
		{9B3B8BC9-BB09-4BFB-BF92-D4AA8FB757A3}.Debug|Any CPU.ActiveCfg = Debug|Any CPU
		{9B3B8BC9-BB09-4BFB-BF92-D4AA8FB757A3}.Debug|Any CPU.Build.0 = Debug|Any CPU
		{9B3B8BC9-BB09-4BFB-BF92-D4AA8FB757A3}.Debug|x64.ActiveCfg = Debug|Any CPU
		{9B3B8BC9-BB09-4BFB-BF92-D4AA8FB757A3}.Debug|x64.Build.0 = Debug|Any CPU
		{9B3B8BC9-BB09-4BFB-BF92-D4AA8FB757A3}.Debug|x86.ActiveCfg = Debug|Any CPU
		{9B3B8BC9-BB09-4BFB-BF92-D4AA8FB757A3}.Debug|x86.Build.0 = Debug|Any CPU
		{9B3B8BC9-BB09-4BFB-BF92-D4AA8FB757A3}.Release|Any CPU.ActiveCfg = Release|Any CPU
		{9B3B8BC9-BB09-4BFB-BF92-D4AA8FB757A3}.Release|Any CPU.Build.0 = Release|Any CPU
		{9B3B8BC9-BB09-4BFB-BF92-D4AA8FB757A3}.Release|x64.ActiveCfg = Release|Any CPU
		{9B3B8BC9-BB09-4BFB-BF92-D4AA8FB757A3}.Release|x64.Build.0 = Release|Any CPU
		{9B3B8BC9-BB09-4BFB-BF92-D4AA8FB757A3}.Release|x86.ActiveCfg = Release|Any CPU
		{9B3B8BC9-BB09-4BFB-BF92-D4AA8FB757A3}.Release|x86.Build.0 = Release|Any CPU
		{EA3A5E0C-819C-4085-838B-4F6F9A87E196}.Debug|Any CPU.ActiveCfg = Debug|Any CPU
		{EA3A5E0C-819C-4085-838B-4F6F9A87E196}.Debug|Any CPU.Build.0 = Debug|Any CPU
		{EA3A5E0C-819C-4085-838B-4F6F9A87E196}.Debug|x64.ActiveCfg = Debug|Any CPU
		{EA3A5E0C-819C-4085-838B-4F6F9A87E196}.Debug|x64.Build.0 = Debug|Any CPU
		{EA3A5E0C-819C-4085-838B-4F6F9A87E196}.Debug|x86.ActiveCfg = Debug|Any CPU
		{EA3A5E0C-819C-4085-838B-4F6F9A87E196}.Debug|x86.Build.0 = Debug|Any CPU
		{EA3A5E0C-819C-4085-838B-4F6F9A87E196}.Release|Any CPU.ActiveCfg = Release|Any CPU
		{EA3A5E0C-819C-4085-838B-4F6F9A87E196}.Release|Any CPU.Build.0 = Release|Any CPU
		{EA3A5E0C-819C-4085-838B-4F6F9A87E196}.Release|x64.ActiveCfg = Release|Any CPU
		{EA3A5E0C-819C-4085-838B-4F6F9A87E196}.Release|x64.Build.0 = Release|Any CPU
		{EA3A5E0C-819C-4085-838B-4F6F9A87E196}.Release|x86.ActiveCfg = Release|Any CPU
		{EA3A5E0C-819C-4085-838B-4F6F9A87E196}.Release|x86.Build.0 = Release|Any CPU
		{8225D147-C3BF-49CD-A165-BEFD0F55CA59}.Debug|Any CPU.ActiveCfg = Debug|Any CPU
		{8225D147-C3BF-49CD-A165-BEFD0F55CA59}.Debug|Any CPU.Build.0 = Debug|Any CPU
		{8225D147-C3BF-49CD-A165-BEFD0F55CA59}.Debug|x64.ActiveCfg = Debug|Any CPU
		{8225D147-C3BF-49CD-A165-BEFD0F55CA59}.Debug|x64.Build.0 = Debug|Any CPU
		{8225D147-C3BF-49CD-A165-BEFD0F55CA59}.Debug|x86.ActiveCfg = Debug|Any CPU
		{8225D147-C3BF-49CD-A165-BEFD0F55CA59}.Debug|x86.Build.0 = Debug|Any CPU
		{8225D147-C3BF-49CD-A165-BEFD0F55CA59}.Release|Any CPU.ActiveCfg = Release|Any CPU
		{8225D147-C3BF-49CD-A165-BEFD0F55CA59}.Release|Any CPU.Build.0 = Release|Any CPU
		{8225D147-C3BF-49CD-A165-BEFD0F55CA59}.Release|x64.ActiveCfg = Release|Any CPU
		{8225D147-C3BF-49CD-A165-BEFD0F55CA59}.Release|x64.Build.0 = Release|Any CPU
		{8225D147-C3BF-49CD-A165-BEFD0F55CA59}.Release|x86.ActiveCfg = Release|Any CPU
		{8225D147-C3BF-49CD-A165-BEFD0F55CA59}.Release|x86.Build.0 = Release|Any CPU
		{BE6B14F2-A8E9-4757-8ADC-7ECE2920E490}.Debug|Any CPU.ActiveCfg = Debug|Any CPU
		{BE6B14F2-A8E9-4757-8ADC-7ECE2920E490}.Debug|Any CPU.Build.0 = Debug|Any CPU
		{BE6B14F2-A8E9-4757-8ADC-7ECE2920E490}.Debug|x64.ActiveCfg = Debug|Any CPU
		{BE6B14F2-A8E9-4757-8ADC-7ECE2920E490}.Debug|x64.Build.0 = Debug|Any CPU
		{BE6B14F2-A8E9-4757-8ADC-7ECE2920E490}.Debug|x86.ActiveCfg = Debug|Any CPU
		{BE6B14F2-A8E9-4757-8ADC-7ECE2920E490}.Debug|x86.Build.0 = Debug|Any CPU
		{BE6B14F2-A8E9-4757-8ADC-7ECE2920E490}.Release|Any CPU.ActiveCfg = Release|Any CPU
		{BE6B14F2-A8E9-4757-8ADC-7ECE2920E490}.Release|Any CPU.Build.0 = Release|Any CPU
		{BE6B14F2-A8E9-4757-8ADC-7ECE2920E490}.Release|x64.ActiveCfg = Release|Any CPU
		{BE6B14F2-A8E9-4757-8ADC-7ECE2920E490}.Release|x64.Build.0 = Release|Any CPU
		{BE6B14F2-A8E9-4757-8ADC-7ECE2920E490}.Release|x86.ActiveCfg = Release|Any CPU
		{BE6B14F2-A8E9-4757-8ADC-7ECE2920E490}.Release|x86.Build.0 = Release|Any CPU
	EndGlobalSection
	GlobalSection(SolutionProperties) = preSolution
		HideSolutionNode = FALSE
	EndGlobalSection
	GlobalSection(NestedProjects) = preSolution
		{5F78CCB2-CD11-40D3-8302-4F388D00A1A0} = {FDBAACCA-C0C6-452B-B2E2-8C282ECD6FD6}
		{787B2399-2FE2-4293-99DB-778E2854F3AC} = {52743753-6848-4902-9072-C438F7CA80AF}
		{3968F07D-7489-4FF8-8C78-BD2F112F44F4} = {FDBAACCA-C0C6-452B-B2E2-8C282ECD6FD6}
		{B9BC0529-BEA4-4E96-876F-79E4B14645D8} = {52743753-6848-4902-9072-C438F7CA80AF}
		{EF727D92-3986-4B37-9D2D-53B35D19E9A5} = {FDBAACCA-C0C6-452B-B2E2-8C282ECD6FD6}
		{FD3FE737-1DB6-4139-AC6B-1310E114108A} = {FDBAACCA-C0C6-452B-B2E2-8C282ECD6FD6}
		{669B628B-0826-4AC7-8C12-EE1963C1523F} = {52743753-6848-4902-9072-C438F7CA80AF}
		{0B8967C1-D92C-4DEF-92E6-2FCAB3C85E78} = {FDBAACCA-C0C6-452B-B2E2-8C282ECD6FD6}
		{0C582845-14AC-4A8E-AACC-DB8AB12C885D} = {FDBAACCA-C0C6-452B-B2E2-8C282ECD6FD6}
		{CD0431CA-B617-4F9A-9456-1E83F47F8D4A} = {52743753-6848-4902-9072-C438F7CA80AF}
		{7FD405C9-F59C-4F56-9DCB-BA0A4445B435} = {BA33FB4D-C54D-45F3-8241-91498ED0B8D3}
		{4E1D8EB7-E765-4928-BE45-D2D92CC502DF} = {BA33FB4D-C54D-45F3-8241-91498ED0B8D3}
		{AFF38FF7-9DD6-4507-B332-43CAC67F89F1} = {028E80BC-F4FB-4062-B5B1-EE67DD52EF3B}
		{574F1197-207F-4630-9F0B-251BFCEC5EA6} = {918F0F9C-49A4-493C-B47A-C94D8BFFEC94}
		{D8DEB18F-2050-4455-B564-BCDCE3ED5929} = {574F1197-207F-4630-9F0B-251BFCEC5EA6}
		{674C2C1C-C2E4-48DC-B39C-3AE556087CA4} = {574F1197-207F-4630-9F0B-251BFCEC5EA6}
		{C8A72486-DBA5-4FD6-9D72-823E5736A7AD} = {918F0F9C-49A4-493C-B47A-C94D8BFFEC94}
		{8DF668D5-613C-4E0B-A459-0EA00E18CEAD} = {C8A72486-DBA5-4FD6-9D72-823E5736A7AD}
		{2A8A1287-BCC8-46FA-B342-6D033247BDA9} = {C8A72486-DBA5-4FD6-9D72-823E5736A7AD}
		{3ACBCAB5-B022-4106-9207-D0E60D6CFD00} = {5E2E030F-D915-4DEA-B385-CF576C74F991}
		{B7B77C7B-9ABB-43F6-A7D0-713C0391132F} = {5E2E030F-D915-4DEA-B385-CF576C74F991}
		{5E2E030F-D915-4DEA-B385-CF576C74F991} = {1D2F9610-65F5-48CA-8D27-A104525216E6}
		{0F833D5D-5DEE-462B-B0D8-1C2FA99696B2} = {918F0F9C-49A4-493C-B47A-C94D8BFFEC94}
		{9B3B8BC9-BB09-4BFB-BF92-D4AA8FB757A3} = {0F833D5D-5DEE-462B-B0D8-1C2FA99696B2}
		{EA3A5E0C-819C-4085-838B-4F6F9A87E196} = {0F833D5D-5DEE-462B-B0D8-1C2FA99696B2}
		{8225D147-C3BF-49CD-A165-BEFD0F55CA59} = {DCE60476-6A90-45DE-800C-5DEC4D530D43}
		{BE6B14F2-A8E9-4757-8ADC-7ECE2920E490} = {DCE60476-6A90-45DE-800C-5DEC4D530D43}
	EndGlobalSection
	GlobalSection(ExtensibilityGlobals) = postSolution
		SolutionGuid = {ADD9066A-282A-42FB-A88C-26F61A3B3F89}
	EndGlobalSection
EndGlobal
