
Microsoft Visual Studio Solution File, Format Version 12.00
# Visual Studio 15
VisualStudioVersion = 15.0.26124.0
MinimumVisualStudioVersion = 15.0.26124.0
Project("{FAE04EC0-301F-11D3-BF4B-00C04F79EFBC}") = "Functional", "src\Functional\Functional.csproj", "{5F78CCB2-CD11-40D3-8302-4F388D00A1A0}"
EndProject
Project("{FAE04EC0-301F-11D3-BF4B-00C04F79EFBC}") = "Examples", "src\Examples\Examples.csproj", "{ACA14429-856C-4B3D-B9EE-8DCEFE5FBE2B}"
EndProject
Project("{FAE04EC0-301F-11D3-BF4B-00C04F79EFBC}") = "Functional.Tests", "tests\Functional.Tests\Functional.Tests.csproj", "{787B2399-2FE2-4293-99DB-778E2854F3AC}"
EndProject
Project("{FAE04EC0-301F-11D3-BF4B-00C04F79EFBC}") = "Utilities", "src\Utilities\Utilities.csproj", "{3968F07D-7489-4FF8-8C78-BD2F112F44F4}"
EndProject
Project("{FAE04EC0-301F-11D3-BF4B-00C04F79EFBC}") = "Utilities.Tests", "tests\Utilities.Tests\Utilities.Tests.csproj", "{B9BC0529-BEA4-4E96-876F-79E4B14645D8}"
EndProject
Project("{2150E333-8FDC-42A3-9474-1A3956D46DE8}") = "src", "src", "{FDBAACCA-C0C6-452B-B2E2-8C282ECD6FD6}"
EndProject
Project("{FAE04EC0-301F-11D3-BF4B-00C04F79EFBC}") = "KnightsFate", "src\KnightsFate\KnightsFate.csproj", "{EF727D92-3986-4B37-9D2D-53B35D19E9A5}"
EndProject
Global
	GlobalSection(SolutionConfigurationPlatforms) = preSolution
		Debug|Any CPU = Debug|Any CPU
		Debug|x64 = Debug|x64
		Debug|x86 = Debug|x86
		Release|Any CPU = Release|Any CPU
		Release|x64 = Release|x64
		Release|x86 = Release|x86
	EndGlobalSection
	GlobalSection(SolutionProperties) = preSolution
		HideSolutionNode = FALSE
	EndGlobalSection
	GlobalSection(ProjectConfigurationPlatforms) = postSolution
		{5F78CCB2-CD11-40D3-8302-4F388D00A1A0}.Debug|Any CPU.ActiveCfg = Debug|Any CPU
		{5F78CCB2-CD11-40D3-8302-4F388D00A1A0}.Debug|Any CPU.Build.0 = Debug|Any CPU
		{5F78CCB2-CD11-40D3-8302-4F388D00A1A0}.Debug|x64.ActiveCfg = Debug|x64
		{5F78CCB2-CD11-40D3-8302-4F388D00A1A0}.Debug|x64.Build.0 = Debug|x64
		{5F78CCB2-CD11-40D3-8302-4F388D00A1A0}.Debug|x86.ActiveCfg = Debug|x86
		{5F78CCB2-CD11-40D3-8302-4F388D00A1A0}.Debug|x86.Build.0 = Debug|x86
		{5F78CCB2-CD11-40D3-8302-4F388D00A1A0}.Release|Any CPU.ActiveCfg = Release|Any CPU
		{5F78CCB2-CD11-40D3-8302-4F388D00A1A0}.Release|Any CPU.Build.0 = Release|Any CPU
		{5F78CCB2-CD11-40D3-8302-4F388D00A1A0}.Release|x64.ActiveCfg = Release|x64
		{5F78CCB2-CD11-40D3-8302-4F388D00A1A0}.Release|x64.Build.0 = Release|x64
		{5F78CCB2-CD11-40D3-8302-4F388D00A1A0}.Release|x86.ActiveCfg = Release|x86
		{5F78CCB2-CD11-40D3-8302-4F388D00A1A0}.Release|x86.Build.0 = Release|x86
		{ACA14429-856C-4B3D-B9EE-8DCEFE5FBE2B}.Debug|Any CPU.ActiveCfg = Debug|Any CPU
		{ACA14429-856C-4B3D-B9EE-8DCEFE5FBE2B}.Debug|Any CPU.Build.0 = Debug|Any CPU
		{ACA14429-856C-4B3D-B9EE-8DCEFE5FBE2B}.Debug|x64.ActiveCfg = Debug|x64
		{ACA14429-856C-4B3D-B9EE-8DCEFE5FBE2B}.Debug|x64.Build.0 = Debug|x64
		{ACA14429-856C-4B3D-B9EE-8DCEFE5FBE2B}.Debug|x86.ActiveCfg = Debug|x86
		{ACA14429-856C-4B3D-B9EE-8DCEFE5FBE2B}.Debug|x86.Build.0 = Debug|x86
		{ACA14429-856C-4B3D-B9EE-8DCEFE5FBE2B}.Release|Any CPU.ActiveCfg = Release|Any CPU
		{ACA14429-856C-4B3D-B9EE-8DCEFE5FBE2B}.Release|Any CPU.Build.0 = Release|Any CPU
		{ACA14429-856C-4B3D-B9EE-8DCEFE5FBE2B}.Release|x64.ActiveCfg = Release|x64
		{ACA14429-856C-4B3D-B9EE-8DCEFE5FBE2B}.Release|x64.Build.0 = Release|x64
		{ACA14429-856C-4B3D-B9EE-8DCEFE5FBE2B}.Release|x86.ActiveCfg = Release|x86
		{ACA14429-856C-4B3D-B9EE-8DCEFE5FBE2B}.Release|x86.Build.0 = Release|x86
		{787B2399-2FE2-4293-99DB-778E2854F3AC}.Debug|Any CPU.ActiveCfg = Debug|Any CPU
		{787B2399-2FE2-4293-99DB-778E2854F3AC}.Debug|Any CPU.Build.0 = Debug|Any CPU
		{787B2399-2FE2-4293-99DB-778E2854F3AC}.Debug|x64.ActiveCfg = Debug|x64
		{787B2399-2FE2-4293-99DB-778E2854F3AC}.Debug|x64.Build.0 = Debug|x64
		{787B2399-2FE2-4293-99DB-778E2854F3AC}.Debug|x86.ActiveCfg = Debug|x86
		{787B2399-2FE2-4293-99DB-778E2854F3AC}.Debug|x86.Build.0 = Debug|x86
		{787B2399-2FE2-4293-99DB-778E2854F3AC}.Release|Any CPU.ActiveCfg = Release|Any CPU
		{787B2399-2FE2-4293-99DB-778E2854F3AC}.Release|Any CPU.Build.0 = Release|Any CPU
		{787B2399-2FE2-4293-99DB-778E2854F3AC}.Release|x64.ActiveCfg = Release|x64
		{787B2399-2FE2-4293-99DB-778E2854F3AC}.Release|x64.Build.0 = Release|x64
		{787B2399-2FE2-4293-99DB-778E2854F3AC}.Release|x86.ActiveCfg = Release|x86
		{787B2399-2FE2-4293-99DB-778E2854F3AC}.Release|x86.Build.0 = Release|x86
		{3968F07D-7489-4FF8-8C78-BD2F112F44F4}.Debug|Any CPU.ActiveCfg = Debug|Any CPU
		{3968F07D-7489-4FF8-8C78-BD2F112F44F4}.Debug|Any CPU.Build.0 = Debug|Any CPU
		{3968F07D-7489-4FF8-8C78-BD2F112F44F4}.Debug|x64.ActiveCfg = Debug|x64
		{3968F07D-7489-4FF8-8C78-BD2F112F44F4}.Debug|x64.Build.0 = Debug|x64
		{3968F07D-7489-4FF8-8C78-BD2F112F44F4}.Debug|x86.ActiveCfg = Debug|x86
		{3968F07D-7489-4FF8-8C78-BD2F112F44F4}.Debug|x86.Build.0 = Debug|x86
		{3968F07D-7489-4FF8-8C78-BD2F112F44F4}.Release|Any CPU.ActiveCfg = Release|Any CPU
		{3968F07D-7489-4FF8-8C78-BD2F112F44F4}.Release|Any CPU.Build.0 = Release|Any CPU
		{3968F07D-7489-4FF8-8C78-BD2F112F44F4}.Release|x64.ActiveCfg = Release|x64
		{3968F07D-7489-4FF8-8C78-BD2F112F44F4}.Release|x64.Build.0 = Release|x64
		{3968F07D-7489-4FF8-8C78-BD2F112F44F4}.Release|x86.ActiveCfg = Release|x86
		{3968F07D-7489-4FF8-8C78-BD2F112F44F4}.Release|x86.Build.0 = Release|x86
		{B9BC0529-BEA4-4E96-876F-79E4B14645D8}.Debug|Any CPU.ActiveCfg = Debug|Any CPU
		{B9BC0529-BEA4-4E96-876F-79E4B14645D8}.Debug|Any CPU.Build.0 = Debug|Any CPU
		{B9BC0529-BEA4-4E96-876F-79E4B14645D8}.Debug|x64.ActiveCfg = Debug|x64
		{B9BC0529-BEA4-4E96-876F-79E4B14645D8}.Debug|x64.Build.0 = Debug|x64
		{B9BC0529-BEA4-4E96-876F-79E4B14645D8}.Debug|x86.ActiveCfg = Debug|x86
		{B9BC0529-BEA4-4E96-876F-79E4B14645D8}.Debug|x86.Build.0 = Debug|x86
		{B9BC0529-BEA4-4E96-876F-79E4B14645D8}.Release|Any CPU.ActiveCfg = Release|Any CPU
		{B9BC0529-BEA4-4E96-876F-79E4B14645D8}.Release|Any CPU.Build.0 = Release|Any CPU
		{B9BC0529-BEA4-4E96-876F-79E4B14645D8}.Release|x64.ActiveCfg = Release|x64
		{B9BC0529-BEA4-4E96-876F-79E4B14645D8}.Release|x64.Build.0 = Release|x64
		{B9BC0529-BEA4-4E96-876F-79E4B14645D8}.Release|x86.ActiveCfg = Release|x86
		{B9BC0529-BEA4-4E96-876F-79E4B14645D8}.Release|x86.Build.0 = Release|x86
		{EF727D92-3986-4B37-9D2D-53B35D19E9A5}.Debug|Any CPU.ActiveCfg = Debug|Any CPU
		{EF727D92-3986-4B37-9D2D-53B35D19E9A5}.Debug|Any CPU.Build.0 = Debug|Any CPU
		{EF727D92-3986-4B37-9D2D-53B35D19E9A5}.Debug|x64.ActiveCfg = Debug|Any CPU
		{EF727D92-3986-4B37-9D2D-53B35D19E9A5}.Debug|x64.Build.0 = Debug|Any CPU
		{EF727D92-3986-4B37-9D2D-53B35D19E9A5}.Debug|x86.ActiveCfg = Debug|Any CPU
		{EF727D92-3986-4B37-9D2D-53B35D19E9A5}.Debug|x86.Build.0 = Debug|Any CPU
		{EF727D92-3986-4B37-9D2D-53B35D19E9A5}.Release|Any CPU.ActiveCfg = Release|Any CPU
		{EF727D92-3986-4B37-9D2D-53B35D19E9A5}.Release|Any CPU.Build.0 = Release|Any CPU
		{EF727D92-3986-4B37-9D2D-53B35D19E9A5}.Release|x64.ActiveCfg = Release|Any CPU
		{EF727D92-3986-4B37-9D2D-53B35D19E9A5}.Release|x64.Build.0 = Release|Any CPU
		{EF727D92-3986-4B37-9D2D-53B35D19E9A5}.Release|x86.ActiveCfg = Release|Any CPU
		{EF727D92-3986-4B37-9D2D-53B35D19E9A5}.Release|x86.Build.0 = Release|Any CPU
	EndGlobalSection
	GlobalSection(NestedProjects) = preSolution
		{EF727D92-3986-4B37-9D2D-53B35D19E9A5} = {FDBAACCA-C0C6-452B-B2E2-8C282ECD6FD6}
	EndGlobalSection
EndGlobal
