
Microsoft Visual Studio Solution File, Format Version 12.00
# Visual Studio Version 16
VisualStudioVersion = 16.0.29306.81
MinimumVisualStudioVersion = 15.0.26124.0
Project("{9A19103F-16F7-4668-BE54-9A1E7A4F7556}") = "Functional", "src\Functional\Functional.csproj", "{5F78CCB2-CD11-40D3-8302-4F388D00A1A0}"
EndProject
Project("{9A19103F-16F7-4668-BE54-9A1E7A4F7556}") = "Examples", "src\Examples\Examples.csproj", "{ACA14429-856C-4B3D-B9EE-8DCEFE5FBE2B}"
EndProject
Project("{9A19103F-16F7-4668-BE54-9A1E7A4F7556}") = "Functional.Tests", "tests\Functional.Tests\Functional.Tests.csproj", "{787B2399-2FE2-4293-99DB-778E2854F3AC}"
EndProject
Project("{9A19103F-16F7-4668-BE54-9A1E7A4F7556}") = "Utilities", "src\Utilities\Utilities.csproj", "{3968F07D-7489-4FF8-8C78-BD2F112F44F4}"
EndProject
Project("{9A19103F-16F7-4668-BE54-9A1E7A4F7556}") = "Utilities.Tests", "tests\Utilities.Tests\Utilities.Tests.csproj", "{B9BC0529-BEA4-4E96-876F-79E4B14645D8}"
EndProject
Project("{2150E333-8FDC-42A3-9474-1A3956D46DE8}") = "src", "src", "{FDBAACCA-C0C6-452B-B2E2-8C282ECD6FD6}"
EndProject
Project("{9A19103F-16F7-4668-BE54-9A1E7A4F7556}") = "KnightsFate", "src\KnightsFate\KnightsFate.csproj", "{EF727D92-3986-4B37-9D2D-53B35D19E9A5}"
EndProject
Project("{9A19103F-16F7-4668-BE54-9A1E7A4F7556}") = "FizzBuzz", "src\FizzBuzz\FizzBuzz.csproj", "{FD3FE737-1DB6-4139-AC6B-1310E114108A}"
EndProject
Project("{9A19103F-16F7-4668-BE54-9A1E7A4F7556}") = "FizzBuzzTests", "tests\FizzBuzzTests\FizzBuzzTests.csproj", "{669B628B-0826-4AC7-8C12-EE1963C1523F}"
EndProject
Global
	GlobalSection(SolutionConfigurationPlatforms) = preSolution
		Debug|Any CPU = Debug|Any CPU
		Debug|x64 = Debug|x64
		Debug|x86 = Debug|x86
		Release|Any CPU = Release|Any CPU
		Release|x64 = Release|x64
		Release|x86 = Release|x86
	EndGlobalSection
	GlobalSection(ProjectConfigurationPlatforms) = postSolution
		{5F78CCB2-CD11-40D3-8302-4F388D00A1A0}.Debug|Any CPU.ActiveCfg = Debug|Any CPU
		{5F78CCB2-CD11-40D3-8302-4F388D00A1A0}.Debug|Any CPU.Build.0 = Debug|Any CPU
		{5F78CCB2-CD11-40D3-8302-4F388D00A1A0}.Debug|x64.ActiveCfg = Debug|Any CPU
		{5F78CCB2-CD11-40D3-8302-4F388D00A1A0}.Debug|x64.Build.0 = Debug|Any CPU
		{5F78CCB2-CD11-40D3-8302-4F388D00A1A0}.Debug|x86.ActiveCfg = Debug|Any CPU
		{5F78CCB2-CD11-40D3-8302-4F388D00A1A0}.Debug|x86.Build.0 = Debug|Any CPU
		{5F78CCB2-CD11-40D3-8302-4F388D00A1A0}.Release|Any CPU.ActiveCfg = Release|Any CPU
		{5F78CCB2-CD11-40D3-8302-4F388D00A1A0}.Release|Any CPU.Build.0 = Release|Any CPU
		{5F78CCB2-CD11-40D3-8302-4F388D00A1A0}.Release|x64.ActiveCfg = Release|Any CPU
		{5F78CCB2-CD11-40D3-8302-4F388D00A1A0}.Release|x64.Build.0 = Release|Any CPU
		{5F78CCB2-CD11-40D3-8302-4F388D00A1A0}.Release|x86.ActiveCfg = Release|Any CPU
		{5F78CCB2-CD11-40D3-8302-4F388D00A1A0}.Release|x86.Build.0 = Release|Any CPU
		{ACA14429-856C-4B3D-B9EE-8DCEFE5FBE2B}.Debug|Any CPU.ActiveCfg = Debug|Any CPU
		{ACA14429-856C-4B3D-B9EE-8DCEFE5FBE2B}.Debug|Any CPU.Build.0 = Debug|Any CPU
		{ACA14429-856C-4B3D-B9EE-8DCEFE5FBE2B}.Debug|x64.ActiveCfg = Debug|Any CPU
		{ACA14429-856C-4B3D-B9EE-8DCEFE5FBE2B}.Debug|x64.Build.0 = Debug|Any CPU
		{ACA14429-856C-4B3D-B9EE-8DCEFE5FBE2B}.Debug|x86.ActiveCfg = Debug|Any CPU
		{ACA14429-856C-4B3D-B9EE-8DCEFE5FBE2B}.Debug|x86.Build.0 = Debug|Any CPU
		{ACA14429-856C-4B3D-B9EE-8DCEFE5FBE2B}.Release|Any CPU.ActiveCfg = Release|Any CPU
		{ACA14429-856C-4B3D-B9EE-8DCEFE5FBE2B}.Release|Any CPU.Build.0 = Release|Any CPU
		{ACA14429-856C-4B3D-B9EE-8DCEFE5FBE2B}.Release|x64.ActiveCfg = Release|Any CPU
		{ACA14429-856C-4B3D-B9EE-8DCEFE5FBE2B}.Release|x64.Build.0 = Release|Any CPU
		{ACA14429-856C-4B3D-B9EE-8DCEFE5FBE2B}.Release|x86.ActiveCfg = Release|Any CPU
		{ACA14429-856C-4B3D-B9EE-8DCEFE5FBE2B}.Release|x86.Build.0 = Release|Any CPU
		{787B2399-2FE2-4293-99DB-778E2854F3AC}.Debug|Any CPU.ActiveCfg = Debug|Any CPU
		{787B2399-2FE2-4293-99DB-778E2854F3AC}.Debug|Any CPU.Build.0 = Debug|Any CPU
		{787B2399-2FE2-4293-99DB-778E2854F3AC}.Debug|x64.ActiveCfg = Debug|Any CPU
		{787B2399-2FE2-4293-99DB-778E2854F3AC}.Debug|x64.Build.0 = Debug|Any CPU
		{787B2399-2FE2-4293-99DB-778E2854F3AC}.Debug|x86.ActiveCfg = Debug|Any CPU
		{787B2399-2FE2-4293-99DB-778E2854F3AC}.Debug|x86.Build.0 = Debug|Any CPU
		{787B2399-2FE2-4293-99DB-778E2854F3AC}.Release|Any CPU.ActiveCfg = Release|Any CPU
		{787B2399-2FE2-4293-99DB-778E2854F3AC}.Release|Any CPU.Build.0 = Release|Any CPU
		{787B2399-2FE2-4293-99DB-778E2854F3AC}.Release|x64.ActiveCfg = Release|Any CPU
		{787B2399-2FE2-4293-99DB-778E2854F3AC}.Release|x64.Build.0 = Release|Any CPU
		{787B2399-2FE2-4293-99DB-778E2854F3AC}.Release|x86.ActiveCfg = Release|Any CPU
		{787B2399-2FE2-4293-99DB-778E2854F3AC}.Release|x86.Build.0 = Release|Any CPU
		{3968F07D-7489-4FF8-8C78-BD2F112F44F4}.Debug|Any CPU.ActiveCfg = Debug|Any CPU
		{3968F07D-7489-4FF8-8C78-BD2F112F44F4}.Debug|Any CPU.Build.0 = Debug|Any CPU
		{3968F07D-7489-4FF8-8C78-BD2F112F44F4}.Debug|x64.ActiveCfg = Debug|Any CPU
		{3968F07D-7489-4FF8-8C78-BD2F112F44F4}.Debug|x64.Build.0 = Debug|Any CPU
		{3968F07D-7489-4FF8-8C78-BD2F112F44F4}.Debug|x86.ActiveCfg = Debug|Any CPU
		{3968F07D-7489-4FF8-8C78-BD2F112F44F4}.Debug|x86.Build.0 = Debug|Any CPU
		{3968F07D-7489-4FF8-8C78-BD2F112F44F4}.Release|Any CPU.ActiveCfg = Release|Any CPU
		{3968F07D-7489-4FF8-8C78-BD2F112F44F4}.Release|Any CPU.Build.0 = Release|Any CPU
		{3968F07D-7489-4FF8-8C78-BD2F112F44F4}.Release|x64.ActiveCfg = Release|Any CPU
		{3968F07D-7489-4FF8-8C78-BD2F112F44F4}.Release|x64.Build.0 = Release|Any CPU
		{3968F07D-7489-4FF8-8C78-BD2F112F44F4}.Release|x86.ActiveCfg = Release|Any CPU
		{3968F07D-7489-4FF8-8C78-BD2F112F44F4}.Release|x86.Build.0 = Release|Any CPU
		{B9BC0529-BEA4-4E96-876F-79E4B14645D8}.Debug|Any CPU.ActiveCfg = Debug|Any CPU
		{B9BC0529-BEA4-4E96-876F-79E4B14645D8}.Debug|Any CPU.Build.0 = Debug|Any CPU
		{B9BC0529-BEA4-4E96-876F-79E4B14645D8}.Debug|x64.ActiveCfg = Debug|Any CPU
		{B9BC0529-BEA4-4E96-876F-79E4B14645D8}.Debug|x64.Build.0 = Debug|Any CPU
		{B9BC0529-BEA4-4E96-876F-79E4B14645D8}.Debug|x86.ActiveCfg = Debug|Any CPU
		{B9BC0529-BEA4-4E96-876F-79E4B14645D8}.Debug|x86.Build.0 = Debug|Any CPU
		{B9BC0529-BEA4-4E96-876F-79E4B14645D8}.Release|Any CPU.ActiveCfg = Release|Any CPU
		{B9BC0529-BEA4-4E96-876F-79E4B14645D8}.Release|Any CPU.Build.0 = Release|Any CPU
		{B9BC0529-BEA4-4E96-876F-79E4B14645D8}.Release|x64.ActiveCfg = Release|Any CPU
		{B9BC0529-BEA4-4E96-876F-79E4B14645D8}.Release|x64.Build.0 = Release|Any CPU
		{B9BC0529-BEA4-4E96-876F-79E4B14645D8}.Release|x86.ActiveCfg = Release|Any CPU
		{B9BC0529-BEA4-4E96-876F-79E4B14645D8}.Release|x86.Build.0 = Release|Any CPU
		{EF727D92-3986-4B37-9D2D-53B35D19E9A5}.Debug|Any CPU.ActiveCfg = Debug|Any CPU
		{EF727D92-3986-4B37-9D2D-53B35D19E9A5}.Debug|Any CPU.Build.0 = Debug|Any CPU
		{EF727D92-3986-4B37-9D2D-53B35D19E9A5}.Debug|x64.ActiveCfg = Debug|Any CPU
		{EF727D92-3986-4B37-9D2D-53B35D19E9A5}.Debug|x64.Build.0 = Debug|Any CPU
		{EF727D92-3986-4B37-9D2D-53B35D19E9A5}.Debug|x86.ActiveCfg = Debug|Any CPU
		{EF727D92-3986-4B37-9D2D-53B35D19E9A5}.Debug|x86.Build.0 = Debug|Any CPU
		{EF727D92-3986-4B37-9D2D-53B35D19E9A5}.Release|Any CPU.ActiveCfg = Release|Any CPU
		{EF727D92-3986-4B37-9D2D-53B35D19E9A5}.Release|Any CPU.Build.0 = Release|Any CPU
		{EF727D92-3986-4B37-9D2D-53B35D19E9A5}.Release|x64.ActiveCfg = Release|Any CPU
		{EF727D92-3986-4B37-9D2D-53B35D19E9A5}.Release|x64.Build.0 = Release|Any CPU
		{EF727D92-3986-4B37-9D2D-53B35D19E9A5}.Release|x86.ActiveCfg = Release|Any CPU
		{EF727D92-3986-4B37-9D2D-53B35D19E9A5}.Release|x86.Build.0 = Release|Any CPU
		{FD3FE737-1DB6-4139-AC6B-1310E114108A}.Debug|Any CPU.ActiveCfg = Debug|Any CPU
		{FD3FE737-1DB6-4139-AC6B-1310E114108A}.Debug|Any CPU.Build.0 = Debug|Any CPU
		{FD3FE737-1DB6-4139-AC6B-1310E114108A}.Debug|x64.ActiveCfg = Debug|Any CPU
		{FD3FE737-1DB6-4139-AC6B-1310E114108A}.Debug|x64.Build.0 = Debug|Any CPU
		{FD3FE737-1DB6-4139-AC6B-1310E114108A}.Debug|x86.ActiveCfg = Debug|Any CPU
		{FD3FE737-1DB6-4139-AC6B-1310E114108A}.Debug|x86.Build.0 = Debug|Any CPU
		{FD3FE737-1DB6-4139-AC6B-1310E114108A}.Release|Any CPU.ActiveCfg = Release|Any CPU
		{FD3FE737-1DB6-4139-AC6B-1310E114108A}.Release|Any CPU.Build.0 = Release|Any CPU
		{FD3FE737-1DB6-4139-AC6B-1310E114108A}.Release|x64.ActiveCfg = Release|Any CPU
		{FD3FE737-1DB6-4139-AC6B-1310E114108A}.Release|x64.Build.0 = Release|Any CPU
		{FD3FE737-1DB6-4139-AC6B-1310E114108A}.Release|x86.ActiveCfg = Release|Any CPU
		{FD3FE737-1DB6-4139-AC6B-1310E114108A}.Release|x86.Build.0 = Release|Any CPU
		{669B628B-0826-4AC7-8C12-EE1963C1523F}.Debug|Any CPU.ActiveCfg = Debug|Any CPU
		{669B628B-0826-4AC7-8C12-EE1963C1523F}.Debug|Any CPU.Build.0 = Debug|Any CPU
		{669B628B-0826-4AC7-8C12-EE1963C1523F}.Debug|x64.ActiveCfg = Debug|Any CPU
		{669B628B-0826-4AC7-8C12-EE1963C1523F}.Debug|x64.Build.0 = Debug|Any CPU
		{669B628B-0826-4AC7-8C12-EE1963C1523F}.Debug|x86.ActiveCfg = Debug|Any CPU
		{669B628B-0826-4AC7-8C12-EE1963C1523F}.Debug|x86.Build.0 = Debug|Any CPU
		{669B628B-0826-4AC7-8C12-EE1963C1523F}.Release|Any CPU.ActiveCfg = Release|Any CPU
		{669B628B-0826-4AC7-8C12-EE1963C1523F}.Release|Any CPU.Build.0 = Release|Any CPU
		{669B628B-0826-4AC7-8C12-EE1963C1523F}.Release|x64.ActiveCfg = Release|Any CPU
		{669B628B-0826-4AC7-8C12-EE1963C1523F}.Release|x64.Build.0 = Release|Any CPU
		{669B628B-0826-4AC7-8C12-EE1963C1523F}.Release|x86.ActiveCfg = Release|Any CPU
		{669B628B-0826-4AC7-8C12-EE1963C1523F}.Release|x86.Build.0 = Release|Any CPU
	EndGlobalSection
	GlobalSection(SolutionProperties) = preSolution
		HideSolutionNode = FALSE
	EndGlobalSection
	GlobalSection(NestedProjects) = preSolution
		{EF727D92-3986-4B37-9D2D-53B35D19E9A5} = {FDBAACCA-C0C6-452B-B2E2-8C282ECD6FD6}
	EndGlobalSection
	GlobalSection(ExtensibilityGlobals) = postSolution
		SolutionGuid = {ADD9066A-282A-42FB-A88C-26F61A3B3F89}
	EndGlobalSection
EndGlobal
