{
  "version": 1,
  "dependencies": {
    "net6.0": {
      "Luger.Functional.Maybe": {
        "type": "Direct",
        "requested": "[1.2.0, )",
        "resolved": "1.2.0",
        "contentHash": "fOmEDzNp0wwOkBxLJFqwSac0HzMn4oMJCqJ5ll1W9LJIedZzRFb+lEsgBjpBNshrC6GLkP4ZxI/vlWDZkqlVxQ=="
      }
    }
  }
}