{
  "version": 1,
  "dependencies": {
    "net8.0": {
      "Luger.Functional.Maybe": {
        "type": "Direct",
        "requested": "[2.1.0, )",
        "resolved": "2.1.0",
        "contentHash": "ahUmXWh9mygfp3XYSTdbtyeIpnQERIFvADmNEW/GSUTO7J44tR8vW8m7BwTNfwxbW5fshSabSyQFDAIVgX7e1Q==",
        "dependencies": {
          "JetBrains.Annotations": "2024.3.0"
        }
      },
      "JetBrains.Annotations": {
        "type": "Transitive",
        "resolved": "2024.3.0",
        "contentHash": "ox5pkeLQXjvJdyAB4b2sBYAlqZGLh3PjSnP1bQNVx72ONuTJ9+34/+Rq91Fc0dG29XG9RgZur9+NcP4riihTug=="
      }
    }
  }
}