{
  "version": 1,
  "dependencies": {
    "net8.0": {
      "Luger.Functional.Maybe": {
        "type": "Direct",
        "requested": "[1.0.0, )",
        "resolved": "1.0.0",
        "contentHash": "Yl8m+axwYdtY49sdqYvIRxGfjvoMLXpr89SsQsD3JfZrCXY5Q8R1OwziCApydI8jeAs09uqDZ0b42TlAalQhwA=="
      },
      "JetBrains.Annotations": {
        "type": "Transitive",
        "resolved": "2024.3.0",
        "contentHash": "ox5pkeLQXjvJdyAB4b2sBYAlqZGLh3PjSnP1bQNVx72ONuTJ9+34/+Rq91Fc0dG29XG9RgZur9+NcP4riihTug=="
      },
      "Luger.Functional.Async": {
        "type": "Project",
        "dependencies": {
          "JetBrains.Annotations": "[2024.3.0, )"
        }
      }
    }
  }
}