{
  "version": 1,
  "dependencies": {
    "net6.0": {
      "SixLabors.ImageSharp": {
        "type": "Direct",
        "requested": "[1.0.4, )",
        "resolved": "1.0.4",
        "contentHash": "H2rPiEr2ddBOltOuqRYhpLBAsQXDAhbzMMhhuksnBG2oefup1MXMchALe7yYkKJksNbtxbZHKeM6dn/68I75qw=="
      },
      "System.Reactive": {
        "type": "Direct",
        "requested": "[5.0.0, )",
        "resolved": "5.0.0",
        "contentHash": "erBZjkQHWL9jpasCE/0qKAryzVBJFxGHVBAvgRN1bzM0q2s1S4oYREEEL0Vb+1kA/6BKb5FjUZMp5VXmy+gzkQ=="
      }
    }
  }
}